
Microsoft Visual Studio Solution File, Format Version 12.00
# Visual Studio Version 17
VisualStudioVersion = 17.11.35222.181
MinimumVisualStudioVersion = 10.0.40219.1
Project("{FAE04EC0-301F-11D3-BF4B-00C04F79EFBC}") = "lab123", "lab123\lab123.csproj", "{6C631C4E-7B41-43DA-8D2C-105B4FA73E05}"
EndProject
Global
	GlobalSection(SolutionConfigurationPlatforms) = preSolution
		Debug|Any CPU = Debug|Any CPU
		Release|Any CPU = Release|Any CPU
	EndGlobalSection
	GlobalSection(ProjectConfigurationPlatforms) = postSolution
		{6C631C4E-7B41-43DA-8D2C-105B4FA73E05}.Debug|Any CPU.ActiveCfg = Debug|Any CPU
		{6C631C4E-7B41-43DA-8D2C-105B4FA73E05}.Debug|Any CPU.Build.0 = Debug|Any CPU
		{6C631C4E-7B41-43DA-8D2C-105B4FA73E05}.Release|Any CPU.ActiveCfg = Release|Any CPU
		{6C631C4E-7B41-43DA-8D2C-105B4FA73E05}.Release|Any CPU.Build.0 = Release|Any CPU
	EndGlobalSection
	GlobalSection(SolutionProperties) = preSolution
		HideSolutionNode = FALSE
	EndGlobalSection
	GlobalSection(ExtensibilityGlobals) = postSolution
		SolutionGuid = {9CD8DA06-41A6-47F8-B5B4-58410C7F8EB5}
	EndGlobalSection
EndGlobal
